
Microsoft Visual Studio Solution File, Format Version 12.00
# Visual Studio Version 17
VisualStudioVersion = 17.10.35027.167
MinimumVisualStudioVersion = 10.0.40219.1
Project("{FAE04EC0-301F-11D3-BF4B-00C04F79EFBC}") = "Password_Generator", "Password_Generator\Password_Generator.csproj", "{6FDDAB38-A076-417D-A8DF-5964281CBB8D}"
EndProject
Global
	GlobalSection(SolutionConfigurationPlatforms) = preSolution
		Debug|Any CPU = Debug|Any CPU
		Release|Any CPU = Release|Any CPU
	EndGlobalSection
	GlobalSection(ProjectConfigurationPlatforms) = postSolution
		{6FDDAB38-A076-417D-A8DF-5964281CBB8D}.Debug|Any CPU.ActiveCfg = Debug|Any CPU
		{6FDDAB38-A076-417D-A8DF-5964281CBB8D}.Debug|Any CPU.Build.0 = Debug|Any CPU
		{6FDDAB38-A076-417D-A8DF-5964281CBB8D}.Release|Any CPU.ActiveCfg = Release|Any CPU
		{6FDDAB38-A076-417D-A8DF-5964281CBB8D}.Release|Any CPU.Build.0 = Release|Any CPU
	EndGlobalSection
	GlobalSection(SolutionProperties) = preSolution
		HideSolutionNode = FALSE
	EndGlobalSection
	GlobalSection(ExtensibilityGlobals) = postSolution
		SolutionGuid = {79EE719E-6D44-441D-9AFE-E21458B34A0E}
	EndGlobalSection
EndGlobal
